
Microsoft Visual Studio Solution File, Format Version 12.00
# Visual Studio 2013
VisualStudioVersion = 12.0.21005.1
MinimumVisualStudioVersion = 10.0.40219.1
Project("{2150E333-8FDC-42A3-9474-1A3956D46DE8}") = "1-Presentation", "1-Presentation", "{BC9D0DC7-6057-49B1-A817-203EA507940F}"
EndProject
Project("{2150E333-8FDC-42A3-9474-1A3956D46DE8}") = "2-Distributed Services", "2-Distributed Services", "{03C84B13-EB43-4774-B2BD-2FDDBE23DB4D}"
EndProject
Project("{2150E333-8FDC-42A3-9474-1A3956D46DE8}") = "3-Application", "3-Application", "{0A7077DB-3022-49BD-800C-CEBA95D4C753}"
EndProject
Project("{2150E333-8FDC-42A3-9474-1A3956D46DE8}") = "4-Domain", "4-Domain", "{684BF686-E550-431D-87DE-ACB650035CAE}"
EndProject
Project("{2150E333-8FDC-42A3-9474-1A3956D46DE8}") = "5-Infrastructure", "5-Infrastructure", "{30328A53-9CD8-4FED-9741-48FD03D9A310}"
EndProject
Project("{2150E333-8FDC-42A3-9474-1A3956D46DE8}") = "5.1-Data", "5.1-Data", "{8CD8A5AF-1759-44A8-8528-595EB97CCB8E}"
EndProject
Project("{2150E333-8FDC-42A3-9474-1A3956D46DE8}") = "5.2-CrossCutting", "5.2-CrossCutting", "{7F822AD8-5DC0-4101-BBF6-5599135F5771}"
EndProject
Project("{2150E333-8FDC-42A3-9474-1A3956D46DE8}") = "5.1.1-Data.Seedwork", "5.1.1-Data.Seedwork", "{5A446898-372A-40B1-8281-FB75356310CD}"
EndProject
Project("{2150E333-8FDC-42A3-9474-1A3956D46DE8}") = "5.1.2-Data.MainBoundedContext", "5.1.2-Data.MainBoundedContext", "{F9A4B31B-19CA-4001-997F-4FFAFF36DE09}"
EndProject
Project("{2150E333-8FDC-42A3-9474-1A3956D46DE8}") = "5.2.1-Seedwork", "5.2.1-Seedwork", "{D4E04445-525E-4C6B-85E3-C8D1EB532E1E}"
EndProject
Project("{FAE04EC0-301F-11D3-BF4B-00C04F79EFBC}") = "Infrastructure.Crosscutting", "Infrastructure.Crosscutting\Infrastructure.Crosscutting.csproj", "{282E21B7-089D-4334-B994-B06870E71A89}"
EndProject
Project("{FAE04EC0-301F-11D3-BF4B-00C04F79EFBC}") = "Infrastructure.Crosscutting.NetFramework", "Infrastructure.Crosscutting.NetFramework\Infrastructure.Crosscutting.NetFramework.csproj", "{3F72C9C3-D3A4-4353-B328-97EE0D550DB9}"
EndProject
Project("{FAE04EC0-301F-11D3-BF4B-00C04F79EFBC}") = "Infrastructure.Data.Seedwork", "Infrastructure.Data.Seedwork\Infrastructure.Data.Seedwork.csproj", "{FD00F67E-F99F-4DF4-9A75-1922137B06DB}"
EndProject
Project("{FAE04EC0-301F-11D3-BF4B-00C04F79EFBC}") = "Infrastructure.Data.MainBoundedContext", "Infrastructure.Data.MainBoundedContext\Infrastructure.Data.MainBoundedContext.csproj", "{162A409D-149D-4AF3-8D25-29F593F27E88}"
EndProject
Project("{2150E333-8FDC-42A3-9474-1A3956D46DE8}") = "4.1-Seedwork", "4.1-Seedwork", "{F7EB4F5E-B546-4404-8979-7C58A0280DA9}"
EndProject
Project("{2150E333-8FDC-42A3-9474-1A3956D46DE8}") = "4.2-MainBoundedContext", "4.2-MainBoundedContext", "{01DB5092-D5FC-4869-8327-522CBD384DA7}"
EndProject
Project("{FAE04EC0-301F-11D3-BF4B-00C04F79EFBC}") = "Domain.Seedwork", "Domain.Seedwork\Domain.Seedwork.csproj", "{61717FD0-D03A-4618-882F-1CE9E10749E3}"
EndProject
Project("{FAE04EC0-301F-11D3-BF4B-00C04F79EFBC}") = "Domain.MainBoundedContext", "Domain.MainBoundedContext\Domain.MainBoundedContext.csproj", "{BC5DE34A-7A2A-4776-A3A0-59148624E0D6}"
EndProject
Project("{FAE04EC0-301F-11D3-BF4B-00C04F79EFBC}") = "Domain.MainBoundedContext.Tests", "Domain.MainBoundedContext.Tests\Domain.MainBoundedContext.Tests.csproj", "{22840E5F-D491-4175-95B3-050DC2D1AB1E}"
EndProject
Project("{FAE04EC0-301F-11D3-BF4B-00C04F79EFBC}") = "Domain.Seedwork.Tests", "Domain.Seedwork.Tests\Domain.Seedwork.Tests.csproj", "{7AF41A23-AB8C-4779-B4F1-665C158068E4}"
EndProject
Project("{FAE04EC0-301F-11D3-BF4B-00C04F79EFBC}") = "Infrastructure.Data.MainBoundedContext.Tests", "Infrastructure.Data.MainBoundedContext.Tests\Infrastructure.Data.MainBoundedContext.Tests.csproj", "{E794231D-AD1F-4A10-A102-ED9E873C6109}"
EndProject
Project("{FAE04EC0-301F-11D3-BF4B-00C04F79EFBC}") = "Infrastructure.Crosscutting.Tests", "Infrastructure.Crosscutting.Tests\Infrastructure.Crosscutting.Tests.csproj", "{773191E1-213F-45F5-9E9F-F20A98509AAB}"
EndProject
Project("{2150E333-8FDC-42A3-9474-1A3956D46DE8}") = "3.1-Seedwork", "3.1-Seedwork", "{E20481B1-73E7-4168-A53D-6E9EB70A2CAB}"
EndProject
Project("{2150E333-8FDC-42A3-9474-1A3956D46DE8}") = "3.2-MainBoundedContext", "3.2-MainBoundedContext", "{77D5AA55-E8D5-4864-9648-4669935C0769}"
EndProject
Project("{FAE04EC0-301F-11D3-BF4B-00C04F79EFBC}") = "Application.Seedwork", "Application.Seedwork\Application.Seedwork.csproj", "{5ED02772-B578-4E43-8132-97E3DF6B5744}"
EndProject
Project("{FAE04EC0-301F-11D3-BF4B-00C04F79EFBC}") = "Application.MainBoundedContext", "Application.MainBoundedContext\Application.MainBoundedContext.csproj", "{6C459ACE-F59E-4BBD-A78A-915498A024BE}"
EndProject
Project("{FAE04EC0-301F-11D3-BF4B-00C04F79EFBC}") = "Application.MainBoundedContext.DTO", "Application.MainBoundedContext.DTO\Application.MainBoundedContext.DTO.csproj", "{A8D1B1EC-B7FD-420D-AB64-D6828B9A751D}"
EndProject
Project("{FAE04EC0-301F-11D3-BF4B-00C04F79EFBC}") = "Application.MainBoundedContext.Tests", "Application.MainBoundedContext.Tests\Application.MainBoundedContext.Tests.csproj", "{E033EE7D-0558-496B-9D33-2D0EF5ACB4CD}"
EndProject
Project("{2150E333-8FDC-42A3-9474-1A3956D46DE8}") = "2.1-Seedwork", "2.1-Seedwork", "{0CADFED4-5EC5-43EE-AAD7-413D3B694A1C}"
EndProject
Project("{FAE04EC0-301F-11D3-BF4B-00C04F79EFBC}") = "DistributedServices.Seedwork", "DistributedServices.Seedwork\DistributedServices.Seedwork.csproj", "{8835DF42-538C-4AA9-A576-9F059E8BA676}"
EndProject
Project("{2150E333-8FDC-42A3-9474-1A3956D46DE8}") = "2.2-MainBoundedContext", "2.2-MainBoundedContext", "{524DAC53-C5D3-47D0-832C-8AE0EC668957}"
EndProject
Project("{2150E333-8FDC-42A3-9474-1A3956D46DE8}") = "2.2.1-MainBoundedContext", "2.2.1-MainBoundedContext", "{E49D6056-C82B-4E9A-9634-E6EA07D7CD69}"
EndProject
Project("{2150E333-8FDC-42A3-9474-1A3956D46DE8}") = "2.2.2-MainBoundedContext", "2.2.2-MainBoundedContext", "{FF0B253F-D4A4-41FC-9726-17A170690235}"
EndProject
Project("{FAE04EC0-301F-11D3-BF4B-00C04F79EFBC}") = "DistributedServices.MainBoundedContext", "DistributedServices.MainBoundedContext\DistributedServices.MainBoundedContext.csproj", "{EDBE42BC-6B14-467E-8AC9-4FCE2D617923}"
EndProject
Project("{FAE04EC0-301F-11D3-BF4B-00C04F79EFBC}") = "DistributedServices.MainBoundedContext.Tests", "DistributedServices.MainBoundedContext.Tests\DistributedServices.MainBoundedContext.Tests.csproj", "{4DDCFD1D-C41D-4EBA-979F-9E748511F6C9}"
EndProject
Global
	GlobalSection(SolutionConfigurationPlatforms) = preSolution
		Debug|Any CPU = Debug|Any CPU
		Release|Any CPU = Release|Any CPU
	EndGlobalSection
	GlobalSection(ProjectConfigurationPlatforms) = postSolution
		{282E21B7-089D-4334-B994-B06870E71A89}.Debug|Any CPU.ActiveCfg = Debug|Any CPU
		{282E21B7-089D-4334-B994-B06870E71A89}.Debug|Any CPU.Build.0 = Debug|Any CPU
		{282E21B7-089D-4334-B994-B06870E71A89}.Release|Any CPU.ActiveCfg = Release|Any CPU
		{282E21B7-089D-4334-B994-B06870E71A89}.Release|Any CPU.Build.0 = Release|Any CPU
		{3F72C9C3-D3A4-4353-B328-97EE0D550DB9}.Debug|Any CPU.ActiveCfg = Debug|Any CPU
		{3F72C9C3-D3A4-4353-B328-97EE0D550DB9}.Debug|Any CPU.Build.0 = Debug|Any CPU
		{3F72C9C3-D3A4-4353-B328-97EE0D550DB9}.Release|Any CPU.ActiveCfg = Release|Any CPU
		{3F72C9C3-D3A4-4353-B328-97EE0D550DB9}.Release|Any CPU.Build.0 = Release|Any CPU
		{FD00F67E-F99F-4DF4-9A75-1922137B06DB}.Debug|Any CPU.ActiveCfg = Debug|Any CPU
		{FD00F67E-F99F-4DF4-9A75-1922137B06DB}.Debug|Any CPU.Build.0 = Debug|Any CPU
		{FD00F67E-F99F-4DF4-9A75-1922137B06DB}.Release|Any CPU.ActiveCfg = Release|Any CPU
		{FD00F67E-F99F-4DF4-9A75-1922137B06DB}.Release|Any CPU.Build.0 = Release|Any CPU
		{162A409D-149D-4AF3-8D25-29F593F27E88}.Debug|Any CPU.ActiveCfg = Debug|Any CPU
		{162A409D-149D-4AF3-8D25-29F593F27E88}.Debug|Any CPU.Build.0 = Debug|Any CPU
		{162A409D-149D-4AF3-8D25-29F593F27E88}.Release|Any CPU.ActiveCfg = Release|Any CPU
		{162A409D-149D-4AF3-8D25-29F593F27E88}.Release|Any CPU.Build.0 = Release|Any CPU
		{61717FD0-D03A-4618-882F-1CE9E10749E3}.Debug|Any CPU.ActiveCfg = Debug|Any CPU
		{61717FD0-D03A-4618-882F-1CE9E10749E3}.Debug|Any CPU.Build.0 = Debug|Any CPU
		{61717FD0-D03A-4618-882F-1CE9E10749E3}.Release|Any CPU.ActiveCfg = Release|Any CPU
		{61717FD0-D03A-4618-882F-1CE9E10749E3}.Release|Any CPU.Build.0 = Release|Any CPU
		{BC5DE34A-7A2A-4776-A3A0-59148624E0D6}.Debug|Any CPU.ActiveCfg = Debug|Any CPU
		{BC5DE34A-7A2A-4776-A3A0-59148624E0D6}.Debug|Any CPU.Build.0 = Debug|Any CPU
		{BC5DE34A-7A2A-4776-A3A0-59148624E0D6}.Release|Any CPU.ActiveCfg = Release|Any CPU
		{BC5DE34A-7A2A-4776-A3A0-59148624E0D6}.Release|Any CPU.Build.0 = Release|Any CPU
		{22840E5F-D491-4175-95B3-050DC2D1AB1E}.Debug|Any CPU.ActiveCfg = Debug|Any CPU
		{22840E5F-D491-4175-95B3-050DC2D1AB1E}.Debug|Any CPU.Build.0 = Debug|Any CPU
		{22840E5F-D491-4175-95B3-050DC2D1AB1E}.Release|Any CPU.ActiveCfg = Release|Any CPU
		{22840E5F-D491-4175-95B3-050DC2D1AB1E}.Release|Any CPU.Build.0 = Release|Any CPU
		{7AF41A23-AB8C-4779-B4F1-665C158068E4}.Debug|Any CPU.ActiveCfg = Debug|Any CPU
		{7AF41A23-AB8C-4779-B4F1-665C158068E4}.Debug|Any CPU.Build.0 = Debug|Any CPU
		{7AF41A23-AB8C-4779-B4F1-665C158068E4}.Release|Any CPU.ActiveCfg = Release|Any CPU
		{7AF41A23-AB8C-4779-B4F1-665C158068E4}.Release|Any CPU.Build.0 = Release|Any CPU
		{E794231D-AD1F-4A10-A102-ED9E873C6109}.Debug|Any CPU.ActiveCfg = Debug|Any CPU
		{E794231D-AD1F-4A10-A102-ED9E873C6109}.Debug|Any CPU.Build.0 = Debug|Any CPU
		{E794231D-AD1F-4A10-A102-ED9E873C6109}.Release|Any CPU.ActiveCfg = Release|Any CPU
		{E794231D-AD1F-4A10-A102-ED9E873C6109}.Release|Any CPU.Build.0 = Release|Any CPU
		{773191E1-213F-45F5-9E9F-F20A98509AAB}.Debug|Any CPU.ActiveCfg = Debug|Any CPU
		{773191E1-213F-45F5-9E9F-F20A98509AAB}.Debug|Any CPU.Build.0 = Debug|Any CPU
		{773191E1-213F-45F5-9E9F-F20A98509AAB}.Release|Any CPU.ActiveCfg = Release|Any CPU
		{773191E1-213F-45F5-9E9F-F20A98509AAB}.Release|Any CPU.Build.0 = Release|Any CPU
		{5ED02772-B578-4E43-8132-97E3DF6B5744}.Debug|Any CPU.ActiveCfg = Debug|Any CPU
		{5ED02772-B578-4E43-8132-97E3DF6B5744}.Debug|Any CPU.Build.0 = Debug|Any CPU
		{5ED02772-B578-4E43-8132-97E3DF6B5744}.Release|Any CPU.ActiveCfg = Release|Any CPU
		{5ED02772-B578-4E43-8132-97E3DF6B5744}.Release|Any CPU.Build.0 = Release|Any CPU
		{6C459ACE-F59E-4BBD-A78A-915498A024BE}.Debug|Any CPU.ActiveCfg = Debug|Any CPU
		{6C459ACE-F59E-4BBD-A78A-915498A024BE}.Debug|Any CPU.Build.0 = Debug|Any CPU
		{6C459ACE-F59E-4BBD-A78A-915498A024BE}.Release|Any CPU.ActiveCfg = Release|Any CPU
		{6C459ACE-F59E-4BBD-A78A-915498A024BE}.Release|Any CPU.Build.0 = Release|Any CPU
		{A8D1B1EC-B7FD-420D-AB64-D6828B9A751D}.Debug|Any CPU.ActiveCfg = Debug|Any CPU
		{A8D1B1EC-B7FD-420D-AB64-D6828B9A751D}.Debug|Any CPU.Build.0 = Debug|Any CPU
		{A8D1B1EC-B7FD-420D-AB64-D6828B9A751D}.Release|Any CPU.ActiveCfg = Release|Any CPU
		{A8D1B1EC-B7FD-420D-AB64-D6828B9A751D}.Release|Any CPU.Build.0 = Release|Any CPU
		{E033EE7D-0558-496B-9D33-2D0EF5ACB4CD}.Debug|Any CPU.ActiveCfg = Debug|Any CPU
		{E033EE7D-0558-496B-9D33-2D0EF5ACB4CD}.Debug|Any CPU.Build.0 = Debug|Any CPU
		{E033EE7D-0558-496B-9D33-2D0EF5ACB4CD}.Release|Any CPU.ActiveCfg = Release|Any CPU
		{E033EE7D-0558-496B-9D33-2D0EF5ACB4CD}.Release|Any CPU.Build.0 = Release|Any CPU
		{8835DF42-538C-4AA9-A576-9F059E8BA676}.Debug|Any CPU.ActiveCfg = Debug|Any CPU
		{8835DF42-538C-4AA9-A576-9F059E8BA676}.Debug|Any CPU.Build.0 = Debug|Any CPU
		{8835DF42-538C-4AA9-A576-9F059E8BA676}.Release|Any CPU.ActiveCfg = Release|Any CPU
		{8835DF42-538C-4AA9-A576-9F059E8BA676}.Release|Any CPU.Build.0 = Release|Any CPU
		{EDBE42BC-6B14-467E-8AC9-4FCE2D617923}.Debug|Any CPU.ActiveCfg = Debug|Any CPU
		{EDBE42BC-6B14-467E-8AC9-4FCE2D617923}.Debug|Any CPU.Build.0 = Debug|Any CPU
		{EDBE42BC-6B14-467E-8AC9-4FCE2D617923}.Release|Any CPU.ActiveCfg = Release|Any CPU
		{EDBE42BC-6B14-467E-8AC9-4FCE2D617923}.Release|Any CPU.Build.0 = Release|Any CPU
		{4DDCFD1D-C41D-4EBA-979F-9E748511F6C9}.Debug|Any CPU.ActiveCfg = Debug|Any CPU
		{4DDCFD1D-C41D-4EBA-979F-9E748511F6C9}.Debug|Any CPU.Build.0 = Debug|Any CPU
		{4DDCFD1D-C41D-4EBA-979F-9E748511F6C9}.Release|Any CPU.ActiveCfg = Release|Any CPU
		{4DDCFD1D-C41D-4EBA-979F-9E748511F6C9}.Release|Any CPU.Build.0 = Release|Any CPU
	EndGlobalSection
	GlobalSection(SolutionProperties) = preSolution
		HideSolutionNode = FALSE
	EndGlobalSection
	GlobalSection(NestedProjects) = preSolution
		{0CADFED4-5EC5-43EE-AAD7-413D3B694A1C} = {03C84B13-EB43-4774-B2BD-2FDDBE23DB4D}
		{524DAC53-C5D3-47D0-832C-8AE0EC668957} = {03C84B13-EB43-4774-B2BD-2FDDBE23DB4D}
		{E20481B1-73E7-4168-A53D-6E9EB70A2CAB} = {0A7077DB-3022-49BD-800C-CEBA95D4C753}
		{77D5AA55-E8D5-4864-9648-4669935C0769} = {0A7077DB-3022-49BD-800C-CEBA95D4C753}
		{F7EB4F5E-B546-4404-8979-7C58A0280DA9} = {684BF686-E550-431D-87DE-ACB650035CAE}
		{01DB5092-D5FC-4869-8327-522CBD384DA7} = {684BF686-E550-431D-87DE-ACB650035CAE}
		{8CD8A5AF-1759-44A8-8528-595EB97CCB8E} = {30328A53-9CD8-4FED-9741-48FD03D9A310}
		{7F822AD8-5DC0-4101-BBF6-5599135F5771} = {30328A53-9CD8-4FED-9741-48FD03D9A310}
		{5A446898-372A-40B1-8281-FB75356310CD} = {8CD8A5AF-1759-44A8-8528-595EB97CCB8E}
		{F9A4B31B-19CA-4001-997F-4FFAFF36DE09} = {8CD8A5AF-1759-44A8-8528-595EB97CCB8E}
		{D4E04445-525E-4C6B-85E3-C8D1EB532E1E} = {7F822AD8-5DC0-4101-BBF6-5599135F5771}
		{FD00F67E-F99F-4DF4-9A75-1922137B06DB} = {5A446898-372A-40B1-8281-FB75356310CD}
		{162A409D-149D-4AF3-8D25-29F593F27E88} = {F9A4B31B-19CA-4001-997F-4FFAFF36DE09}
		{E794231D-AD1F-4A10-A102-ED9E873C6109} = {F9A4B31B-19CA-4001-997F-4FFAFF36DE09}
		{282E21B7-089D-4334-B994-B06870E71A89} = {D4E04445-525E-4C6B-85E3-C8D1EB532E1E}
		{3F72C9C3-D3A4-4353-B328-97EE0D550DB9} = {D4E04445-525E-4C6B-85E3-C8D1EB532E1E}
		{773191E1-213F-45F5-9E9F-F20A98509AAB} = {D4E04445-525E-4C6B-85E3-C8D1EB532E1E}
		{61717FD0-D03A-4618-882F-1CE9E10749E3} = {F7EB4F5E-B546-4404-8979-7C58A0280DA9}
		{7AF41A23-AB8C-4779-B4F1-665C158068E4} = {F7EB4F5E-B546-4404-8979-7C58A0280DA9}
		{BC5DE34A-7A2A-4776-A3A0-59148624E0D6} = {01DB5092-D5FC-4869-8327-522CBD384DA7}
		{22840E5F-D491-4175-95B3-050DC2D1AB1E} = {01DB5092-D5FC-4869-8327-522CBD384DA7}
		{5ED02772-B578-4E43-8132-97E3DF6B5744} = {E20481B1-73E7-4168-A53D-6E9EB70A2CAB}
		{6C459ACE-F59E-4BBD-A78A-915498A024BE} = {77D5AA55-E8D5-4864-9648-4669935C0769}
		{A8D1B1EC-B7FD-420D-AB64-D6828B9A751D} = {77D5AA55-E8D5-4864-9648-4669935C0769}
		{E033EE7D-0558-496B-9D33-2D0EF5ACB4CD} = {77D5AA55-E8D5-4864-9648-4669935C0769}
		{8835DF42-538C-4AA9-A576-9F059E8BA676} = {0CADFED4-5EC5-43EE-AAD7-413D3B694A1C}
		{E49D6056-C82B-4E9A-9634-E6EA07D7CD69} = {524DAC53-C5D3-47D0-832C-8AE0EC668957}
		{FF0B253F-D4A4-41FC-9726-17A170690235} = {524DAC53-C5D3-47D0-832C-8AE0EC668957}
		{EDBE42BC-6B14-467E-8AC9-4FCE2D617923} = {E49D6056-C82B-4E9A-9634-E6EA07D7CD69}
		{4DDCFD1D-C41D-4EBA-979F-9E748511F6C9} = {E49D6056-C82B-4E9A-9634-E6EA07D7CD69}
	EndGlobalSection
EndGlobal
